// !$*UTF8*$!
{
	archiveVersion = 1;
	classes = {
	};
	objectVersion = 51;
	objects = {

/* Begin PBXBuildFile section */
		0E6BD8C724720C3F00C9D9D0 /* AppDelegate.swift in Sources */ = {isa = PBXBuildFile; fileRef = 0E6BD8C624720C3F00C9D9D0 /* AppDelegate.swift */; };
		0E6BD8C924720C3F00C9D9D0 /* SceneDelegate.swift in Sources */ = {isa = PBXBuildFile; fileRef = 0E6BD8C824720C3F00C9D9D0 /* SceneDelegate.swift */; };
		0E6BD8CB24720C3F00C9D9D0 /* ViewController.swift in Sources */ = {isa = PBXBuildFile; fileRef = 0E6BD8CA24720C3F00C9D9D0 /* ViewController.swift */; };
		0E6BD8CE24720C3F00C9D9D0 /* Main.storyboard in Resources */ = {isa = PBXBuildFile; fileRef = 0E6BD8CC24720C3F00C9D9D0 /* Main.storyboard */; };
		0E6BD8D024720C4000C9D9D0 /* Assets.xcassets in Resources */ = {isa = PBXBuildFile; fileRef = 0E6BD8CF24720C4000C9D9D0 /* Assets.xcassets */; };
		0E6BD8D324720C4000C9D9D0 /* LaunchScreen.storyboard in Resources */ = {isa = PBXBuildFile; fileRef = 0E6BD8D124720C4000C9D9D0 /* LaunchScreen.storyboard */; };
		0E6BD8DB2472305A00C9D9D0 /* ShareViewController.swift in Sources */ = {isa = PBXBuildFile; fileRef = 0E6BD8DA2472305A00C9D9D0 /* ShareViewController.swift */; };
		CB089B9FB557985B16548196 /* Pods_Swift5Bokete.framework in Frameworks */ = {isa = PBXBuildFile; fileRef = 3156546805CDF3F454F6BFDD /* Pods_Swift5Bokete.framework */; };
/* End PBXBuildFile section */

/* Begin PBXFileReference section */
		0534BCF11AEF14CF17591137 /* Pods-Swift5Bokete.release.xcconfig */ = {isa = PBXFileReference; includeInIndex = 1; lastKnownFileType = text.xcconfig; name = "Pods-Swift5Bokete.release.xcconfig"; path = "Target Support Files/Pods-Swift5Bokete/Pods-Swift5Bokete.release.xcconfig"; sourceTree = "<group>"; };
		0E6BD8C324720C3F00C9D9D0 /* Swift5Bokete.app */ = {isa = PBXFileReference; explicitFileType = wrapper.application; includeInIndex = 0; path = Swift5Bokete.app; sourceTree = BUILT_PRODUCTS_DIR; };
		0E6BD8C624720C3F00C9D9D0 /* AppDelegate.swift */ = {isa = PBXFileReference; lastKnownFileType = sourcecode.swift; path = AppDelegate.swift; sourceTree = "<group>"; };
		0E6BD8C824720C3F00C9D9D0 /* SceneDelegate.swift */ = {isa = PBXFileReference; lastKnownFileType = sourcecode.swift; path = SceneDelegate.swift; sourceTree = "<group>"; };
		0E6BD8CA24720C3F00C9D9D0 /* ViewController.swift */ = {isa = PBXFileReference; lastKnownFileType = sourcecode.swift; path = ViewController.swift; sourceTree = "<group>"; };
		0E6BD8CD24720C3F00C9D9D0 /* Base */ = {isa = PBXFileReference; lastKnownFileType = file.storyboard; name = Base; path = Base.lproj/Main.storyboard; sourceTree = "<group>"; };
		0E6BD8CF24720C4000C9D9D0 /* Assets.xcassets */ = {isa = PBXFileReference; lastKnownFileType = folder.assetcatalog; path = Assets.xcassets; sourceTree = "<group>"; };
		0E6BD8D224720C4000C9D9D0 /* Base */ = {isa = PBXFileReference; lastKnownFileType = file.storyboard; name = Base; path = Base.lproj/LaunchScreen.storyboard; sourceTree = "<group>"; };
		0E6BD8D424720C4000C9D9D0 /* Info.plist */ = {isa = PBXFileReference; lastKnownFileType = text.plist.xml; path = Info.plist; sourceTree = "<group>"; };
		0E6BD8DA2472305A00C9D9D0 /* ShareViewController.swift */ = {isa = PBXFileReference; lastKnownFileType = sourcecode.swift; path = ShareViewController.swift; sourceTree = "<group>"; };
		3156546805CDF3F454F6BFDD /* Pods_Swift5Bokete.framework */ = {isa = PBXFileReference; explicitFileType = wrapper.framework; includeInIndex = 0; path = Pods_Swift5Bokete.framework; sourceTree = BUILT_PRODUCTS_DIR; };
		9822EDFD72B011BA1D15AD2A /* Pods-Swift5Bokete.debug.xcconfig */ = {isa = PBXFileReference; includeInIndex = 1; lastKnownFileType = text.xcconfig; name = "Pods-Swift5Bokete.debug.xcconfig"; path = "Target Support Files/Pods-Swift5Bokete/Pods-Swift5Bokete.debug.xcconfig"; sourceTree = "<group>"; };
/* End PBXFileReference section */

/* Begin PBXFrameworksBuildPhase section */
		0E6BD8C024720C3F00C9D9D0 /* Frameworks */ = {
			isa = PBXFrameworksBuildPhase;
			buildActionMask = 2147483647;
			files = (
				CB089B9FB557985B16548196 /* Pods_Swift5Bokete.framework in Frameworks */,
			);
			runOnlyForDeploymentPostprocessing = 0;
		};
/* End PBXFrameworksBuildPhase section */

/* Begin PBXGroup section */
		0E6BD8BA24720C3F00C9D9D0 = {
			isa = PBXGroup;
			children = (
				0E6BD8C524720C3F00C9D9D0 /* Swift5Bokete */,
				0E6BD8C424720C3F00C9D9D0 /* Products */,
				DC24CDF375A1A5D7A2EBC674 /* Pods */,
				6EF1305E60B19AF1931F6F2C /* Frameworks */,
			);
			sourceTree = "<group>";
		};
		0E6BD8C424720C3F00C9D9D0 /* Products */ = {
			isa = PBXGroup;
			children = (
				0E6BD8C324720C3F00C9D9D0 /* Swift5Bokete.app */,
			);
			name = Products;
			sourceTree = "<group>";
		};
		0E6BD8C524720C3F00C9D9D0 /* Swift5Bokete */ = {
			isa = PBXGroup;
			children = (
				0E6BD8C624720C3F00C9D9D0 /* AppDelegate.swift */,
				0E6BD8C824720C3F00C9D9D0 /* SceneDelegate.swift */,
				0E6BD8CA24720C3F00C9D9D0 /* ViewController.swift */,
				0E6BD8CC24720C3F00C9D9D0 /* Main.storyboard */,
				0E6BD8DA2472305A00C9D9D0 /* ShareViewController.swift */,
				0E6BD8CF24720C4000C9D9D0 /* Assets.xcassets */,
				0E6BD8D124720C4000C9D9D0 /* LaunchScreen.storyboard */,
				0E6BD8D424720C4000C9D9D0 /* Info.plist */,
			);
			path = Swift5Bokete;
			sourceTree = "<group>";
		};
		6EF1305E60B19AF1931F6F2C /* Frameworks */ = {
			isa = PBXGroup;
			children = (
				3156546805CDF3F454F6BFDD /* Pods_Swift5Bokete.framework */,
			);
			name = Frameworks;
			sourceTree = "<group>";
		};
		DC24CDF375A1A5D7A2EBC674 /* Pods */ = {
			isa = PBXGroup;
			children = (
				9822EDFD72B011BA1D15AD2A /* Pods-Swift5Bokete.debug.xcconfig */,
				0534BCF11AEF14CF17591137 /* Pods-Swift5Bokete.release.xcconfig */,
			);
			path = Pods;
			sourceTree = "<group>";
		};
/* End PBXGroup section */

/* Begin PBXNativeTarget section */
		0E6BD8C224720C3F00C9D9D0 /* Swift5Bokete */ = {
			isa = PBXNativeTarget;
			buildConfigurationList = 0E6BD8D724720C4000C9D9D0 /* Build configuration list for PBXNativeTarget "Swift5Bokete" */;
			buildPhases = (
				0826333B1135CCD5F8765D1B /* [CP] Check Pods Manifest.lock */,
				0E6BD8BF24720C3F00C9D9D0 /* Sources */,
				0E6BD8C024720C3F00C9D9D0 /* Frameworks */,
				0E6BD8C124720C3F00C9D9D0 /* Resources */,
				4AA4C621EAA774C9233B3A59 /* [CP] Embed Pods Frameworks */,
			);
			buildRules = (
			);
			dependencies = (
			);
			name = Swift5Bokete;
			productName = Swift5Bokete;
			productReference = 0E6BD8C324720C3F00C9D9D0 /* Swift5Bokete.app */;
			productType = "com.apple.product-type.application";
		};
/* End PBXNativeTarget section */

/* Begin PBXProject section */
		0E6BD8BB24720C3F00C9D9D0 /* Project object */ = {
			isa = PBXProject;
			attributes = {
				LastSwiftUpdateCheck = 1140;
				LastUpgradeCheck = 1140;
				ORGANIZATIONNAME = "oita kazuki";
				TargetAttributes = {
					0E6BD8C224720C3F00C9D9D0 = {
						CreatedOnToolsVersion = 11.4.1;
					};
				};
			};
			buildConfigurationList = 0E6BD8BE24720C3F00C9D9D0 /* Build configuration list for PBXProject "Swift5Bokete" */;
			compatibilityVersion = "Xcode 9.3";
			developmentRegion = en;
			hasScannedForEncodings = 0;
			knownRegions = (
				en,
				Base,
			);
			mainGroup = 0E6BD8BA24720C3F00C9D9D0;
			productRefGroup = 0E6BD8C424720C3F00C9D9D0 /* Products */;
			projectDirPath = "";
			projectRoot = "";
			targets = (
				0E6BD8C224720C3F00C9D9D0 /* Swift5Bokete */,
			);
		};
/* End PBXProject section */

/* Begin PBXResourcesBuildPhase section */
		0E6BD8C124720C3F00C9D9D0 /* Resources */ = {
			isa = PBXResourcesBuildPhase;
			buildActionMask = 2147483647;
			files = (
				0E6BD8D324720C4000C9D9D0 /* LaunchScreen.storyboard in Resources */,
				0E6BD8D024720C4000C9D9D0 /* Assets.xcassets in Resources */,
				0E6BD8CE24720C3F00C9D9D0 /* Main.storyboard in Resources */,
			);
			runOnlyForDeploymentPostprocessing = 0;
		};
/* End PBXResourcesBuildPhase section */

/* Begin PBXShellScriptBuildPhase section */
		0826333B1135CCD5F8765D1B /* [CP] Check Pods Manifest.lock */ = {
			isa = PBXShellScriptBuildPhase;
			buildActionMask = 2147483647;
			files = (
			);
			inputFileListPaths = (
			);
			inputPaths = (
				"${PODS_PODFILE_DIR_PATH}/Podfile.lock",
				"${PODS_ROOT}/Manifest.lock",
			);
			name = "[CP] Check Pods Manifest.lock";
			outputFileListPaths = (
			);
			outputPaths = (
				"$(DERIVED_FILE_DIR)/Pods-Swift5Bokete-checkManifestLockResult.txt",
			);
			runOnlyForDeploymentPostprocessing = 0;
			shellPath = /bin/sh;
			shellScript = "diff \"${PODS_PODFILE_DIR_PATH}/Podfile.lock\" \"${PODS_ROOT}/Manifest.lock\" > /dev/null\nif [ $? != 0 ] ; then\n    # print error to STDERR\n    echo \"error: The sandbox is not in sync with the Podfile.lock. Run 'pod install' or update your CocoaPods installation.\" >&2\n    exit 1\nfi\n# This output is used by Xcode 'outputs' to avoid re-running this script phase.\necho \"SUCCESS\" > \"${SCRIPT_OUTPUT_FILE_0}\"\n";
			showEnvVarsInLog = 0;
		};
		4AA4C621EAA774C9233B3A59 /* [CP] Embed Pods Frameworks */ = {
			isa = PBXShellScriptBuildPhase;
			buildActionMask = 2147483647;
			files = (
			);
			inputFileListPaths = (
				"${PODS_ROOT}/Target Support Files/Pods-Swift5Bokete/Pods-Swift5Bokete-frameworks-${CONFIGURATION}-input-files.xcfilelist",
			);
			name = "[CP] Embed Pods Frameworks";
			outputFileListPaths = (
				"${PODS_ROOT}/Target Support Files/Pods-Swift5Bokete/Pods-Swift5Bokete-frameworks-${CONFIGURATION}-output-files.xcfilelist",
			);
			runOnlyForDeploymentPostprocessing = 0;
			shellPath = /bin/sh;
			shellScript = "\"${PODS_ROOT}/Target Support Files/Pods-Swift5Bokete/Pods-Swift5Bokete-frameworks.sh\"\n";
			showEnvVarsInLog = 0;
		};
/* End PBXShellScriptBuildPhase section */

/* Begin PBXSourcesBuildPhase section */
		0E6BD8BF24720C3F00C9D9D0 /* Sources */ = {
			isa = PBXSourcesBuildPhase;
			buildActionMask = 2147483647;
			files = (
				0E6BD8CB24720C3F00C9D9D0 /* ViewController.swift in Sources */,
				0E6BD8C724720C3F00C9D9D0 /* AppDelegate.swift in Sources */,
				0E6BD8DB2472305A00C9D9D0 /* ShareViewController.swift in Sources */,
				0E6BD8C924720C3F00C9D9D0 /* SceneDelegate.swift in Sources */,
			);
			runOnlyForDeploymentPostprocessing = 0;
		};
/* End PBXSourcesBuildPhase section */

/* Begin PBXVariantGroup section */
		0E6BD8CC24720C3F00C9D9D0 /* Main.storyboard */ = {
			isa = PBXVariantGroup;
			children = (
				0E6BD8CD24720C3F00C9D9D0 /* Base */,
			);
			name = Main.storyboard;
			sourceTree = "<group>";
		};
		0E6BD8D124720C4000C9D9D0 /* LaunchScreen.storyboard */ = {
			isa = PBXVariantGroup;
			children = (
				0E6BD8D224720C4000C9D9D0 /* Base */,
			);
			name = LaunchScreen.storyboard;
			sourceTree = "<group>";
		};
/* End PBXVariantGroup section */

/* Begin XCBuildConfiguration section */
		0E6BD8D524720C4000C9D9D0 /* Debug */ = {
			isa = XCBuildConfiguration;
			buildSettings = {
				ALWAYS_SEARCH_USER_PATHS = NO;
				CLANG_ANALYZER_NONNULL = YES;
				CLANG_ANALYZER_NUMBER_OBJECT_CONVERSION = YES_AGGRESSIVE;
				CLANG_CXX_LANGUAGE_STANDARD = "gnu++14";
				CLANG_CXX_LIBRARY = "libc++";
				CLANG_ENABLE_MODULES = YES;
				CLANG_ENABLE_OBJC_ARC = YES;
				CLANG_ENABLE_OBJC_WEAK = YES;
				CLANG_WARN_BLOCK_CAPTURE_AUTORELEASING = YES;
				CLANG_WARN_BOOL_CONVERSION = YES;
				CLANG_WARN_COMMA = YES;
				CLANG_WARN_CONSTANT_CONVERSION = YES;
				CLANG_WARN_DEPRECATED_OBJC_IMPLEMENTATIONS = YES;
				CLANG_WARN_DIRECT_OBJC_ISA_USAGE = YES_ERROR;
				CLANG_WARN_DOCUMENTATION_COMMENTS = YES;
				CLANG_WARN_EMPTY_BODY = YES;
				CLANG_WARN_ENUM_CONVERSION = YES;
				CLANG_WARN_INFINITE_RECURSION = YES;
				CLANG_WARN_INT_CONVERSION = YES;
				CLANG_WARN_NON_LITERAL_NULL_CONVERSION = YES;
				CLANG_WARN_OBJC_IMPLICIT_RETAIN_SELF = YES;
				CLANG_WARN_OBJC_LITERAL_CONVERSION = YES;
				CLANG_WARN_OBJC_ROOT_CLASS = YES_ERROR;
				CLANG_WARN_RANGE_LOOP_ANALYSIS = YES;
				CLANG_WARN_STRICT_PROTOTYPES = YES;
				CLANG_WARN_SUSPICIOUS_MOVE = YES;
				CLANG_WARN_UNGUARDED_AVAILABILITY = YES_AGGRESSIVE;
				CLANG_WARN_UNREACHABLE_CODE = YES;
				CLANG_WARN__DUPLICATE_METHOD_MATCH = YES;
				COPY_PHASE_STRIP = NO;
				DEBUG_INFORMATION_FORMAT = dwarf;
				ENABLE_STRICT_OBJC_MSGSEND = YES;
				ENABLE_TESTABILITY = YES;
				GCC_C_LANGUAGE_STANDARD = gnu11;
				GCC_DYNAMIC_NO_PIC = NO;
				GCC_NO_COMMON_BLOCKS = YES;
				GCC_OPTIMIZATION_LEVEL = 0;
				GCC_PREPROCESSOR_DEFINITIONS = (
					"DEBUG=1",
					"$(inherited)",
				);
				GCC_WARN_64_TO_32_BIT_CONVERSION = YES;
				GCC_WARN_ABOUT_RETURN_TYPE = YES_ERROR;
				GCC_WARN_UNDECLARED_SELECTOR = YES;
				GCC_WARN_UNINITIALIZED_AUTOS = YES_AGGRESSIVE;
				GCC_WARN_UNUSED_FUNCTION = YES;
				GCC_WARN_UNUSED_VARIABLE = YES;
				IPHONEOS_DEPLOYMENT_TARGET = 13.4;
				MTL_ENABLE_DEBUG_INFO = INCLUDE_SOURCE;
				MTL_FAST_MATH = YES;
				ONLY_ACTIVE_ARCH = YES;
				SDKROOT = iphoneos;
				SWIFT_ACTIVE_COMPILATION_CONDITIONS = DEBUG;
				SWIFT_OPTIMIZATION_LEVEL = "-Onone";
			};
			name = Debug;
		};
		0E6BD8D624720C4000C9D9D0 /* Release */ = {
			isa = XCBuildConfiguration;
			buildSettings = {
				ALWAYS_SEARCH_USER_PATHS = NO;
				CLANG_ANALYZER_NONNULL = YES;
				CLANG_ANALYZER_NUMBER_OBJECT_CONVERSION = YES_AGGRESSIVE;
				CLANG_CXX_LANGUAGE_STANDARD = "gnu++14";
				CLANG_CXX_LIBRARY = "libc++";
				CLANG_ENABLE_MODULES = YES;
				CLANG_ENABLE_OBJC_ARC = YES;
				CLANG_ENABLE_OBJC_WEAK = YES;
				CLANG_WARN_BLOCK_CAPTURE_AUTORELEASING = YES;
				CLANG_WARN_BOOL_CONVERSION = YES;
				CLANG_WARN_COMMA = YES;
				CLANG_WARN_CONSTANT_CONVERSION = YES;
				CLANG_WARN_DEPRECATED_OBJC_IMPLEMENTATIONS = YES;
				CLANG_WARN_DIRECT_OBJC_ISA_USAGE = YES_ERROR;
				CLANG_WARN_DOCUMENTATION_COMMENTS = YES;
				CLANG_WARN_EMPTY_BODY = YES;
				CLANG_WARN_ENUM_CONVERSION = YES;
				CLANG_WARN_INFINITE_RECURSION = YES;
				CLANG_WARN_INT_CONVERSION = YES;
				CLANG_WARN_NON_LITERAL_NULL_CONVERSION = YES;
				CLANG_WARN_OBJC_IMPLICIT_RETAIN_SELF = YES;
				CLANG_WARN_OBJC_LITERAL_CONVERSION = YES;
				CLANG_WARN_OBJC_ROOT_CLASS = YES_ERROR;
				CLANG_WARN_RANGE_LOOP_ANALYSIS = YES;
				CLANG_WARN_STRICT_PROTOTYPES = YES;
				CLANG_WARN_SUSPICIOUS_MOVE = YES;
				CLANG_WARN_UNGUARDED_AVAILABILITY = YES_AGGRESSIVE;
				CLANG_WARN_UNREACHABLE_CODE = YES;
				CLANG_WARN__DUPLICATE_METHOD_MATCH = YES;
				COPY_PHASE_STRIP = NO;
				DEBUG_INFORMATION_FORMAT = "dwarf-with-dsym";
				ENABLE_NS_ASSERTIONS = NO;
				ENABLE_STRICT_OBJC_MSGSEND = YES;
				GCC_C_LANGUAGE_STANDARD = gnu11;
				GCC_NO_COMMON_BLOCKS = YES;
				GCC_WARN_64_TO_32_BIT_CONVERSION = YES;
				GCC_WARN_ABOUT_RETURN_TYPE = YES_ERROR;
				GCC_WARN_UNDECLARED_SELECTOR = YES;
				GCC_WARN_UNINITIALIZED_AUTOS = YES_AGGRESSIVE;
				GCC_WARN_UNUSED_FUNCTION = YES;
				GCC_WARN_UNUSED_VARIABLE = YES;
				IPHONEOS_DEPLOYMENT_TARGET = 13.4;
				MTL_ENABLE_DEBUG_INFO = NO;
				MTL_FAST_MATH = YES;
				SDKROOT = iphoneos;
				SWIFT_COMPILATION_MODE = wholemodule;
				SWIFT_OPTIMIZATION_LEVEL = "-O";
				VALIDATE_PRODUCT = YES;
			};
			name = Release;
		};
		0E6BD8D824720C4000C9D9D0 /* Debug */ = {
			isa = XCBuildConfiguration;
			baseConfigurationReference = 9822EDFD72B011BA1D15AD2A /* Pods-Swift5Bokete.debug.xcconfig */;
			buildSettings = {
				ASSETCATALOG_COMPILER_APPICON_NAME = AppIcon;
				CODE_SIGN_STYLE = Automatic;
				INFOPLIST_FILE = Swift5Bokete/Info.plist;
				LD_RUNPATH_SEARCH_PATHS = (
					"$(inherited)",
					"@executable_path/Frameworks",
				);
				PRODUCT_BUNDLE_IDENTIFIER = com.oitakazuki.Swift5Bokete;
				PRODUCT_NAME = "$(TARGET_NAME)";
				SWIFT_VERSION = 5.0;
				TARGETED_DEVICE_FAMILY = 1;
			};
			name = Debug;
		};
		0E6BD8D924720C4000C9D9D0 /* Release */ = {
			isa = XCBuildConfiguration;
			baseConfigurationReference = 0534BCF11AEF14CF17591137 /* Pods-Swift5Bokete.release.xcconfig */;
			buildSettings = {
				ASSETCATALOG_COMPILER_APPICON_NAME = AppIcon;
				CODE_SIGN_STYLE = Automatic;
				INFOPLIST_FILE = Swift5Bokete/Info.plist;
				LD_RUNPATH_SEARCH_PATHS = (
					"$(inherited)",
					"@executable_path/Frameworks",
				);
				PRODUCT_BUNDLE_IDENTIFIER = com.oitakazuki.Swift5Bokete;
				PRODUCT_NAME = "$(TARGET_NAME)";
				SWIFT_VERSION = 5.0;
				TARGETED_DEVICE_FAMILY = 1;
			};
			name = Release;
		};
/* End XCBuildConfiguration section */

/* Begin XCConfigurationList section */
		0E6BD8BE24720C3F00C9D9D0 /* Build configuration list for PBXProject "Swift5Bokete" */ = {
			isa = XCConfigurationList;
			buildConfigurations = (
				0E6BD8D524720C4000C9D9D0 /* Debug */,
				0E6BD8D624720C4000C9D9D0 /* Release */,
			);
			defaultConfigurationIsVisible = 0;
			defaultConfigurationName = Release;
		};
		0E6BD8D724720C4000C9D9D0 /* Build configuration list for PBXNativeTarget "Swift5Bokete" */ = {
			isa = XCConfigurationList;
			buildConfigurations = (
				0E6BD8D824720C4000C9D9D0 /* Debug */,
				0E6BD8D924720C4000C9D9D0 /* Release */,
			);
			defaultConfigurationIsVisible = 0;
			defaultConfigurationName = Release;
		};
/* End XCConfigurationList section */
	};
	rootObject = 0E6BD8BB24720C3F00C9D9D0 /* Project object */;
}
